
Microsoft Visual Studio Solution File, Format Version 12.00
# Visual Studio Version 16
VisualStudioVersion = 16.0.31624.102
MinimumVisualStudioVersion = 10.0.40219.1
Project("{FAE04EC0-301F-11D3-BF4B-00C04F79EFBC}") = "GlobalHome_technicalExam", "GlobalHome_technicalExam\GlobalHome_technicalExam.csproj", "{93E181E5-D27D-40D3-8644-F7B97BC6D3E3}"
EndProject
Global
	GlobalSection(SolutionConfigurationPlatforms) = preSolution
		Debug|Any CPU = Debug|Any CPU
		Release|Any CPU = Release|Any CPU
	EndGlobalSection
	GlobalSection(ProjectConfigurationPlatforms) = postSolution
		{93E181E5-D27D-40D3-8644-F7B97BC6D3E3}.Debug|Any CPU.ActiveCfg = Debug|Any CPU
		{93E181E5-D27D-40D3-8644-F7B97BC6D3E3}.Debug|Any CPU.Build.0 = Debug|Any CPU
		{93E181E5-D27D-40D3-8644-F7B97BC6D3E3}.Release|Any CPU.ActiveCfg = Release|Any CPU
		{93E181E5-D27D-40D3-8644-F7B97BC6D3E3}.Release|Any CPU.Build.0 = Release|Any CPU
	EndGlobalSection
	GlobalSection(SolutionProperties) = preSolution
		HideSolutionNode = FALSE
	EndGlobalSection
	GlobalSection(ExtensibilityGlobals) = postSolution
		SolutionGuid = {21A87C5C-7C5D-4908-8BDC-665DF1B3537C}
	EndGlobalSection
EndGlobal
